
Microsoft Visual Studio Solution File, Format Version 12.00
# Visual Studio Version 17
VisualStudioVersion = 17.11.35222.181
MinimumVisualStudioVersion = 10.0.40219.1
Project("{FAE04EC0-301F-11D3-BF4B-00C04F79EFBC}") = "ClassificadorNivelHeroi", "ClassificadorNivelHeroi.csproj", "{6374EE5A-3B1C-461C-B403-0B27F6AB932B}"
EndProject
Global
	GlobalSection(SolutionConfigurationPlatforms) = preSolution
		Debug|Any CPU = Debug|Any CPU
		Release|Any CPU = Release|Any CPU
	EndGlobalSection
	GlobalSection(ProjectConfigurationPlatforms) = postSolution
		{6374EE5A-3B1C-461C-B403-0B27F6AB932B}.Debug|Any CPU.ActiveCfg = Debug|Any CPU
		{6374EE5A-3B1C-461C-B403-0B27F6AB932B}.Debug|Any CPU.Build.0 = Debug|Any CPU
		{6374EE5A-3B1C-461C-B403-0B27F6AB932B}.Release|Any CPU.ActiveCfg = Release|Any CPU
		{6374EE5A-3B1C-461C-B403-0B27F6AB932B}.Release|Any CPU.Build.0 = Release|Any CPU
	EndGlobalSection
	GlobalSection(SolutionProperties) = preSolution
		HideSolutionNode = FALSE
	EndGlobalSection
	GlobalSection(ExtensibilityGlobals) = postSolution
		SolutionGuid = {DFD2095D-A764-4F29-8CD8-51A519ED0530}
	EndGlobalSection
EndGlobal
